
Microsoft Visual Studio Solution File, Format Version 12.00
# Visual Studio Version 17
VisualStudioVersion = 17.12.35707.178 d17.12
MinimumVisualStudioVersion = 10.0.40219.1
Project("{FAE04EC0-301F-11D3-BF4B-00C04F79EFBC}") = "de3", "de3\de3.csproj", "{D511666C-E250-45C7-8DD6-32F6EE869462}"
EndProject
Global
	GlobalSection(SolutionConfigurationPlatforms) = preSolution
		Debug|Any CPU = Debug|Any CPU
		Release|Any CPU = Release|Any CPU
	EndGlobalSection
	GlobalSection(ProjectConfigurationPlatforms) = postSolution
		{D511666C-E250-45C7-8DD6-32F6EE869462}.Debug|Any CPU.ActiveCfg = Debug|Any CPU
		{D511666C-E250-45C7-8DD6-32F6EE869462}.Debug|Any CPU.Build.0 = Debug|Any CPU
		{D511666C-E250-45C7-8DD6-32F6EE869462}.Release|Any CPU.ActiveCfg = Release|Any CPU
		{D511666C-E250-45C7-8DD6-32F6EE869462}.Release|Any CPU.Build.0 = Release|Any CPU
	EndGlobalSection
	GlobalSection(SolutionProperties) = preSolution
		HideSolutionNode = FALSE
	EndGlobalSection
EndGlobal
